// !$*UTF8*$!
{
	archiveVersion = 1;
	classes = {
	};
	objectVersion = 50;
	objects = {

/* Begin PBXBuildFile section */
		DE85F8F626BC8D29005E5677 /* Data_Base.swift in Sources */ = {isa = PBXBuildFile; fileRef = DE85F8F526BC8D29005E5677 /* Data_Base.swift */; };
		DE85F8F826BC8D4C005E5677 /* Interface.swift in Sources */ = {isa = PBXBuildFile; fileRef = DE85F8F726BC8D4C005E5677 /* Interface.swift */; };
		DE85F8FA26BC8D69005E5677 /* Login_VC.swift in Sources */ = {isa = PBXBuildFile; fileRef = DE85F8F926BC8D69005E5677 /* Login_VC.swift */; };
		DE85F8FC26BC8DC6005E5677 /* testing_vc.swift in Sources */ = {isa = PBXBuildFile; fileRef = DE85F8FB26BC8DC6005E5677 /* testing_vc.swift */; };
		DE85F8FE26BC8E11005E5677 /* Control_VC.swift in Sources */ = {isa = PBXBuildFile; fileRef = DE85F8FD26BC8E11005E5677 /* Control_VC.swift */; };
		DE85F90026BCB9FF005E5677 /* Detailed_Message_View.swift in Sources */ = {isa = PBXBuildFile; fileRef = DE85F8FF26BCB9FF005E5677 /* Detailed_Message_View.swift */; };
		DE85F90226BCBC1F005E5677 /* Extension.swift in Sources */ = {isa = PBXBuildFile; fileRef = DE85F90126BCBC1F005E5677 /* Extension.swift */; };
		DE92E06926BBAE2F00DBCC85 /* AppDelegate.swift in Sources */ = {isa = PBXBuildFile; fileRef = DE92E06826BBAE2F00DBCC85 /* AppDelegate.swift */; };
		DE92E06B26BBAE2F00DBCC85 /* SceneDelegate.swift in Sources */ = {isa = PBXBuildFile; fileRef = DE92E06A26BBAE2F00DBCC85 /* SceneDelegate.swift */; };
		DE92E06D26BBAE2F00DBCC85 /* ViewController.swift in Sources */ = {isa = PBXBuildFile; fileRef = DE92E06C26BBAE2F00DBCC85 /* ViewController.swift */; };
		DE92E07026BBAE2F00DBCC85 /* Main.storyboard in Resources */ = {isa = PBXBuildFile; fileRef = DE92E06E26BBAE2F00DBCC85 /* Main.storyboard */; };
		DE92E07226BBAE3300DBCC85 /* Assets.xcassets in Resources */ = {isa = PBXBuildFile; fileRef = DE92E07126BBAE3300DBCC85 /* Assets.xcassets */; };
		DE92E07526BBAE3300DBCC85 /* LaunchScreen.storyboard in Resources */ = {isa = PBXBuildFile; fileRef = DE92E07326BBAE3300DBCC85 /* LaunchScreen.storyboard */; };
		DE92E08026BBAE3300DBCC85 /* Chat_UpTests.swift in Sources */ = {isa = PBXBuildFile; fileRef = DE92E07F26BBAE3300DBCC85 /* Chat_UpTests.swift */; };
		DE92E08B26BBAE3300DBCC85 /* Chat_UpUITests.swift in Sources */ = {isa = PBXBuildFile; fileRef = DE92E08A26BBAE3300DBCC85 /* Chat_UpUITests.swift */; };
/* End PBXBuildFile section */

/* Begin PBXContainerItemProxy section */
		DE92E07C26BBAE3300DBCC85 /* PBXContainerItemProxy */ = {
			isa = PBXContainerItemProxy;
			containerPortal = DE92E05D26BBAE2F00DBCC85 /* Project object */;
			proxyType = 1;
			remoteGlobalIDString = DE92E06426BBAE2F00DBCC85;
			remoteInfo = Chat_Up;
		};
		DE92E08726BBAE3300DBCC85 /* PBXContainerItemProxy */ = {
			isa = PBXContainerItemProxy;
			containerPortal = DE92E05D26BBAE2F00DBCC85 /* Project object */;
			proxyType = 1;
			remoteGlobalIDString = DE92E06426BBAE2F00DBCC85;
			remoteInfo = Chat_Up;
		};
/* End PBXContainerItemProxy section */

/* Begin PBXFileReference section */
		DE85F8F526BC8D29005E5677 /* Data_Base.swift */ = {isa = PBXFileReference; lastKnownFileType = sourcecode.swift; path = Data_Base.swift; sourceTree = "<group>"; };
		DE85F8F726BC8D4C005E5677 /* Interface.swift */ = {isa = PBXFileReference; lastKnownFileType = sourcecode.swift; path = Interface.swift; sourceTree = "<group>"; };
		DE85F8F926BC8D69005E5677 /* Login_VC.swift */ = {isa = PBXFileReference; lastKnownFileType = sourcecode.swift; path = Login_VC.swift; sourceTree = "<group>"; };
		DE85F8FB26BC8DC6005E5677 /* testing_vc.swift */ = {isa = PBXFileReference; lastKnownFileType = sourcecode.swift; path = testing_vc.swift; sourceTree = "<group>"; };
		DE85F8FD26BC8E11005E5677 /* Control_VC.swift */ = {isa = PBXFileReference; lastKnownFileType = sourcecode.swift; path = Control_VC.swift; sourceTree = "<group>"; };
		DE85F8FF26BCB9FF005E5677 /* Detailed_Message_View.swift */ = {isa = PBXFileReference; lastKnownFileType = sourcecode.swift; path = Detailed_Message_View.swift; sourceTree = "<group>"; };
		DE85F90126BCBC1F005E5677 /* Extension.swift */ = {isa = PBXFileReference; lastKnownFileType = sourcecode.swift; path = Extension.swift; sourceTree = "<group>"; };
		DE92E06526BBAE2F00DBCC85 /* Chat_Up.app */ = {isa = PBXFileReference; explicitFileType = wrapper.application; includeInIndex = 0; path = Chat_Up.app; sourceTree = BUILT_PRODUCTS_DIR; };
		DE92E06826BBAE2F00DBCC85 /* AppDelegate.swift */ = {isa = PBXFileReference; lastKnownFileType = sourcecode.swift; path = AppDelegate.swift; sourceTree = "<group>"; };
		DE92E06A26BBAE2F00DBCC85 /* SceneDelegate.swift */ = {isa = PBXFileReference; lastKnownFileType = sourcecode.swift; path = SceneDelegate.swift; sourceTree = "<group>"; };
		DE92E06C26BBAE2F00DBCC85 /* ViewController.swift */ = {isa = PBXFileReference; lastKnownFileType = sourcecode.swift; path = ViewController.swift; sourceTree = "<group>"; };
		DE92E06F26BBAE2F00DBCC85 /* Base */ = {isa = PBXFileReference; lastKnownFileType = file.storyboard; name = Base; path = Base.lproj/Main.storyboard; sourceTree = "<group>"; };
		DE92E07126BBAE3300DBCC85 /* Assets.xcassets */ = {isa = PBXFileReference; lastKnownFileType = folder.assetcatalog; path = Assets.xcassets; sourceTree = "<group>"; };
		DE92E07426BBAE3300DBCC85 /* Base */ = {isa = PBXFileReference; lastKnownFileType = file.storyboard; name = Base; path = Base.lproj/LaunchScreen.storyboard; sourceTree = "<group>"; };
		DE92E07626BBAE3300DBCC85 /* Info.plist */ = {isa = PBXFileReference; lastKnownFileType = text.plist.xml; path = Info.plist; sourceTree = "<group>"; };
		DE92E07B26BBAE3300DBCC85 /* Chat_UpTests.xctest */ = {isa = PBXFileReference; explicitFileType = wrapper.cfbundle; includeInIndex = 0; path = Chat_UpTests.xctest; sourceTree = BUILT_PRODUCTS_DIR; };
		DE92E07F26BBAE3300DBCC85 /* Chat_UpTests.swift */ = {isa = PBXFileReference; lastKnownFileType = sourcecode.swift; path = Chat_UpTests.swift; sourceTree = "<group>"; };
		DE92E08126BBAE3300DBCC85 /* Info.plist */ = {isa = PBXFileReference; lastKnownFileType = text.plist.xml; path = Info.plist; sourceTree = "<group>"; };
		DE92E08626BBAE3300DBCC85 /* Chat_UpUITests.xctest */ = {isa = PBXFileReference; explicitFileType = wrapper.cfbundle; includeInIndex = 0; path = Chat_UpUITests.xctest; sourceTree = BUILT_PRODUCTS_DIR; };
		DE92E08A26BBAE3300DBCC85 /* Chat_UpUITests.swift */ = {isa = PBXFileReference; lastKnownFileType = sourcecode.swift; path = Chat_UpUITests.swift; sourceTree = "<group>"; };
		DE92E08C26BBAE3300DBCC85 /* Info.plist */ = {isa = PBXFileReference; lastKnownFileType = text.plist.xml; path = Info.plist; sourceTree = "<group>"; };
/* End PBXFileReference section */

/* Begin PBXFrameworksBuildPhase section */
		DE92E06226BBAE2F00DBCC85 /* Frameworks */ = {
			isa = PBXFrameworksBuildPhase;
			buildActionMask = 2147483647;
			files = (
			);
			runOnlyForDeploymentPostprocessing = 0;
		};
		DE92E07826BBAE3300DBCC85 /* Frameworks */ = {
			isa = PBXFrameworksBuildPhase;
			buildActionMask = 2147483647;
			files = (
			);
			runOnlyForDeploymentPostprocessing = 0;
		};
		DE92E08326BBAE3300DBCC85 /* Frameworks */ = {
			isa = PBXFrameworksBuildPhase;
			buildActionMask = 2147483647;
			files = (
			);
			runOnlyForDeploymentPostprocessing = 0;
		};
/* End PBXFrameworksBuildPhase section */

/* Begin PBXGroup section */
		DE92E05C26BBAE2F00DBCC85 = {
			isa = PBXGroup;
			children = (
				DE92E06726BBAE2F00DBCC85 /* Chat_Up */,
				DE92E07E26BBAE3300DBCC85 /* Chat_UpTests */,
				DE92E08926BBAE3300DBCC85 /* Chat_UpUITests */,
				DE92E06626BBAE2F00DBCC85 /* Products */,
			);
			sourceTree = "<group>";
		};
		DE92E06626BBAE2F00DBCC85 /* Products */ = {
			isa = PBXGroup;
			children = (
				DE92E06526BBAE2F00DBCC85 /* Chat_Up.app */,
				DE92E07B26BBAE3300DBCC85 /* Chat_UpTests.xctest */,
				DE92E08626BBAE3300DBCC85 /* Chat_UpUITests.xctest */,
			);
			name = Products;
			sourceTree = "<group>";
		};
		DE92E06726BBAE2F00DBCC85 /* Chat_Up */ = {
			isa = PBXGroup;
			children = (
				DE92E06826BBAE2F00DBCC85 /* AppDelegate.swift */,
				DE92E06A26BBAE2F00DBCC85 /* SceneDelegate.swift */,
				DE92E06C26BBAE2F00DBCC85 /* ViewController.swift */,
				DE85F8F526BC8D29005E5677 /* Data_Base.swift */,
				DE85F8FD26BC8E11005E5677 /* Control_VC.swift */,
				DE85F90126BCBC1F005E5677 /* Extension.swift */,
				DE85F8FF26BCB9FF005E5677 /* Detailed_Message_View.swift */,
				DE85F8FB26BC8DC6005E5677 /* testing_vc.swift */,
				DE85F8F926BC8D69005E5677 /* Login_VC.swift */,
				DE85F8F726BC8D4C005E5677 /* Interface.swift */,
				DE92E06E26BBAE2F00DBCC85 /* Main.storyboard */,
				DE92E07126BBAE3300DBCC85 /* Assets.xcassets */,
				DE92E07326BBAE3300DBCC85 /* LaunchScreen.storyboard */,
				DE92E07626BBAE3300DBCC85 /* Info.plist */,
			);
			path = Chat_Up;
			sourceTree = "<group>";
		};
		DE92E07E26BBAE3300DBCC85 /* Chat_UpTests */ = {
			isa = PBXGroup;
			children = (
				DE92E07F26BBAE3300DBCC85 /* Chat_UpTests.swift */,
				DE92E08126BBAE3300DBCC85 /* Info.plist */,
			);
			path = Chat_UpTests;
			sourceTree = "<group>";
		};
		DE92E08926BBAE3300DBCC85 /* Chat_UpUITests */ = {
			isa = PBXGroup;
			children = (
				DE92E08A26BBAE3300DBCC85 /* Chat_UpUITests.swift */,
				DE92E08C26BBAE3300DBCC85 /* Info.plist */,
			);
			path = Chat_UpUITests;
			sourceTree = "<group>";
		};
/* End PBXGroup section */

/* Begin PBXNativeTarget section */
		DE92E06426BBAE2F00DBCC85 /* Chat_Up */ = {
			isa = PBXNativeTarget;
			buildConfigurationList = DE92E08F26BBAE3300DBCC85 /* Build configuration list for PBXNativeTarget "Chat_Up" */;
			buildPhases = (
				DE92E06126BBAE2F00DBCC85 /* Sources */,
				DE92E06226BBAE2F00DBCC85 /* Frameworks */,
				DE92E06326BBAE2F00DBCC85 /* Resources */,
			);
			buildRules = (
			);
			dependencies = (
			);
			name = Chat_Up;
			productName = Chat_Up;
			productReference = DE92E06526BBAE2F00DBCC85 /* Chat_Up.app */;
			productType = "com.apple.product-type.application";
		};
		DE92E07A26BBAE3300DBCC85 /* Chat_UpTests */ = {
			isa = PBXNativeTarget;
			buildConfigurationList = DE92E09226BBAE3300DBCC85 /* Build configuration list for PBXNativeTarget "Chat_UpTests" */;
			buildPhases = (
				DE92E07726BBAE3300DBCC85 /* Sources */,
				DE92E07826BBAE3300DBCC85 /* Frameworks */,
				DE92E07926BBAE3300DBCC85 /* Resources */,
			);
			buildRules = (
			);
			dependencies = (
				DE92E07D26BBAE3300DBCC85 /* PBXTargetDependency */,
			);
			name = Chat_UpTests;
			productName = Chat_UpTests;
			productReference = DE92E07B26BBAE3300DBCC85 /* Chat_UpTests.xctest */;
			productType = "com.apple.product-type.bundle.unit-test";
		};
		DE92E08526BBAE3300DBCC85 /* Chat_UpUITests */ = {
			isa = PBXNativeTarget;
			buildConfigurationList = DE92E09526BBAE3300DBCC85 /* Build configuration list for PBXNativeTarget "Chat_UpUITests" */;
			buildPhases = (
				DE92E08226BBAE3300DBCC85 /* Sources */,
				DE92E08326BBAE3300DBCC85 /* Frameworks */,
				DE92E08426BBAE3300DBCC85 /* Resources */,
			);
			buildRules = (
			);
			dependencies = (
				DE92E08826BBAE3300DBCC85 /* PBXTargetDependency */,
			);
			name = Chat_UpUITests;
			productName = Chat_UpUITests;
			productReference = DE92E08626BBAE3300DBCC85 /* Chat_UpUITests.xctest */;
			productType = "com.apple.product-type.bundle.ui-testing";
		};
/* End PBXNativeTarget section */

/* Begin PBXProject section */
		DE92E05D26BBAE2F00DBCC85 /* Project object */ = {
			isa = PBXProject;
			attributes = {
				LastSwiftUpdateCheck = 1250;
				LastUpgradeCheck = 1250;
				TargetAttributes = {
					DE92E06426BBAE2F00DBCC85 = {
						CreatedOnToolsVersion = 12.5.1;
					};
					DE92E07A26BBAE3300DBCC85 = {
						CreatedOnToolsVersion = 12.5.1;
						TestTargetID = DE92E06426BBAE2F00DBCC85;
					};
					DE92E08526BBAE3300DBCC85 = {
						CreatedOnToolsVersion = 12.5.1;
						TestTargetID = DE92E06426BBAE2F00DBCC85;
					};
				};
			};
			buildConfigurationList = DE92E06026BBAE2F00DBCC85 /* Build configuration list for PBXProject "Chat_Up" */;
			compatibilityVersion = "Xcode 9.3";
			developmentRegion = en;
			hasScannedForEncodings = 0;
			knownRegions = (
				en,
				Base,
			);
			mainGroup = DE92E05C26BBAE2F00DBCC85;
			productRefGroup = DE92E06626BBAE2F00DBCC85 /* Products */;
			projectDirPath = "";
			projectRoot = "";
			targets = (
				DE92E06426BBAE2F00DBCC85 /* Chat_Up */,
				DE92E07A26BBAE3300DBCC85 /* Chat_UpTests */,
				DE92E08526BBAE3300DBCC85 /* Chat_UpUITests */,
			);
		};
/* End PBXProject section */

/* Begin PBXResourcesBuildPhase section */
		DE92E06326BBAE2F00DBCC85 /* Resources */ = {
			isa = PBXResourcesBuildPhase;
			buildActionMask = 2147483647;
			files = (
				DE92E07526BBAE3300DBCC85 /* LaunchScreen.storyboard in Resources */,
				DE92E07226BBAE3300DBCC85 /* Assets.xcassets in Resources */,
				DE92E07026BBAE2F00DBCC85 /* Main.storyboard in Resources */,
			);
			runOnlyForDeploymentPostprocessing = 0;
		};
		DE92E07926BBAE3300DBCC85 /* Resources */ = {
			isa = PBXResourcesBuildPhase;
			buildActionMask = 2147483647;
			files = (
			);
			runOnlyForDeploymentPostprocessing = 0;
		};
		DE92E08426BBAE3300DBCC85 /* Resources */ = {
			isa = PBXResourcesBuildPhase;
			buildActionMask = 2147483647;
			files = (
			);
			runOnlyForDeploymentPostprocessing = 0;
		};
/* End PBXResourcesBuildPhase section */

/* Begin PBXSourcesBuildPhase section */
		DE92E06126BBAE2F00DBCC85 /* Sources */ = {
			isa = PBXSourcesBuildPhase;
			buildActionMask = 2147483647;
			files = (
				DE92E06D26BBAE2F00DBCC85 /* ViewController.swift in Sources */,
				DE85F90026BCB9FF005E5677 /* Detailed_Message_View.swift in Sources */,
				DE85F8F826BC8D4C005E5677 /* Interface.swift in Sources */,
				DE85F8FA26BC8D69005E5677 /* Login_VC.swift in Sources */,
				DE92E06926BBAE2F00DBCC85 /* AppDelegate.swift in Sources */,
				DE85F90226BCBC1F005E5677 /* Extension.swift in Sources */,
				DE85F8FE26BC8E11005E5677 /* Control_VC.swift in Sources */,
				DE85F8FC26BC8DC6005E5677 /* testing_vc.swift in Sources */,
				DE85F8F626BC8D29005E5677 /* Data_Base.swift in Sources */,
				DE92E06B26BBAE2F00DBCC85 /* SceneDelegate.swift in Sources */,
			);
			runOnlyForDeploymentPostprocessing = 0;
		};
		DE92E07726BBAE3300DBCC85 /* Sources */ = {
			isa = PBXSourcesBuildPhase;
			buildActionMask = 2147483647;
			files = (
				DE92E08026BBAE3300DBCC85 /* Chat_UpTests.swift in Sources */,
			);
			runOnlyForDeploymentPostprocessing = 0;
		};
		DE92E08226BBAE3300DBCC85 /* Sources */ = {
			isa = PBXSourcesBuildPhase;
			buildActionMask = 2147483647;
			files = (
				DE92E08B26BBAE3300DBCC85 /* Chat_UpUITests.swift in Sources */,
			);
			runOnlyForDeploymentPostprocessing = 0;
		};
/* End PBXSourcesBuildPhase section */

/* Begin PBXTargetDependency section */
		DE92E07D26BBAE3300DBCC85 /* PBXTargetDependency */ = {
			isa = PBXTargetDependency;
			target = DE92E06426BBAE2F00DBCC85 /* Chat_Up */;
			targetProxy = DE92E07C26BBAE3300DBCC85 /* PBXContainerItemProxy */;
		};
		DE92E08826BBAE3300DBCC85 /* PBXTargetDependency */ = {
			isa = PBXTargetDependency;
			target = DE92E06426BBAE2F00DBCC85 /* Chat_Up */;
			targetProxy = DE92E08726BBAE3300DBCC85 /* PBXContainerItemProxy */;
		};
/* End PBXTargetDependency section */

/* Begin PBXVariantGroup section */
		DE92E06E26BBAE2F00DBCC85 /* Main.storyboard */ = {
			isa = PBXVariantGroup;
			children = (
				DE92E06F26BBAE2F00DBCC85 /* Base */,
			);
			name = Main.storyboard;
			sourceTree = "<group>";
		};
		DE92E07326BBAE3300DBCC85 /* LaunchScreen.storyboard */ = {
			isa = PBXVariantGroup;
			children = (
				DE92E07426BBAE3300DBCC85 /* Base */,
			);
			name = LaunchScreen.storyboard;
			sourceTree = "<group>";
		};
/* End PBXVariantGroup section */

/* Begin XCBuildConfiguration section */
		DE92E08D26BBAE3300DBCC85 /* Debug */ = {
			isa = XCBuildConfiguration;
			buildSettings = {
				ALWAYS_SEARCH_USER_PATHS = NO;
				CLANG_ANALYZER_NONNULL = YES;
				CLANG_ANALYZER_NUMBER_OBJECT_CONVERSION = YES_AGGRESSIVE;
				CLANG_CXX_LANGUAGE_STANDARD = "gnu++14";
				CLANG_CXX_LIBRARY = "libc++";
				CLANG_ENABLE_MODULES = YES;
				CLANG_ENABLE_OBJC_ARC = YES;
				CLANG_ENABLE_OBJC_WEAK = YES;
				CLANG_WARN_BLOCK_CAPTURE_AUTORELEASING = YES;
				CLANG_WARN_BOOL_CONVERSION = YES;
				CLANG_WARN_COMMA = YES;
				CLANG_WARN_CONSTANT_CONVERSION = YES;
				CLANG_WARN_DEPRECATED_OBJC_IMPLEMENTATIONS = YES;
				CLANG_WARN_DIRECT_OBJC_ISA_USAGE = YES_ERROR;
				CLANG_WARN_DOCUMENTATION_COMMENTS = YES;
				CLANG_WARN_EMPTY_BODY = YES;
				CLANG_WARN_ENUM_CONVERSION = YES;
				CLANG_WARN_INFINITE_RECURSION = YES;
				CLANG_WARN_INT_CONVERSION = YES;
				CLANG_WARN_NON_LITERAL_NULL_CONVERSION = YES;
				CLANG_WARN_OBJC_IMPLICIT_RETAIN_SELF = YES;
				CLANG_WARN_OBJC_LITERAL_CONVERSION = YES;
				CLANG_WARN_OBJC_ROOT_CLASS = YES_ERROR;
				CLANG_WARN_QUOTED_INCLUDE_IN_FRAMEWORK_HEADER = YES;
				CLANG_WARN_RANGE_LOOP_ANALYSIS = YES;
				CLANG_WARN_STRICT_PROTOTYPES = YES;
				CLANG_WARN_SUSPICIOUS_MOVE = YES;
				CLANG_WARN_UNGUARDED_AVAILABILITY = YES_AGGRESSIVE;
				CLANG_WARN_UNREACHABLE_CODE = YES;
				CLANG_WARN__DUPLICATE_METHOD_MATCH = YES;
				COPY_PHASE_STRIP = NO;
				DEBUG_INFORMATION_FORMAT = dwarf;
				ENABLE_STRICT_OBJC_MSGSEND = YES;
				ENABLE_TESTABILITY = YES;
				GCC_C_LANGUAGE_STANDARD = gnu11;
				GCC_DYNAMIC_NO_PIC = NO;
				GCC_NO_COMMON_BLOCKS = YES;
				GCC_OPTIMIZATION_LEVEL = 0;
				GCC_PREPROCESSOR_DEFINITIONS = (
					"DEBUG=1",
					"$(inherited)",
				);
				GCC_WARN_64_TO_32_BIT_CONVERSION = YES;
				GCC_WARN_ABOUT_RETURN_TYPE = YES_ERROR;
				GCC_WARN_UNDECLARED_SELECTOR = YES;
				GCC_WARN_UNINITIALIZED_AUTOS = YES_AGGRESSIVE;
				GCC_WARN_UNUSED_FUNCTION = YES;
				GCC_WARN_UNUSED_VARIABLE = YES;
				IPHONEOS_DEPLOYMENT_TARGET = 14.1;
				MTL_ENABLE_DEBUG_INFO = INCLUDE_SOURCE;
				MTL_FAST_MATH = YES;
				ONLY_ACTIVE_ARCH = YES;
				SDKROOT = iphoneos;
				SWIFT_ACTIVE_COMPILATION_CONDITIONS = DEBUG;
				SWIFT_OPTIMIZATION_LEVEL = "-Onone";
			};
			name = Debug;
		};
		DE92E08E26BBAE3300DBCC85 /* Release */ = {
			isa = XCBuildConfiguration;
			buildSettings = {
				ALWAYS_SEARCH_USER_PATHS = NO;
				CLANG_ANALYZER_NONNULL = YES;
				CLANG_ANALYZER_NUMBER_OBJECT_CONVERSION = YES_AGGRESSIVE;
				CLANG_CXX_LANGUAGE_STANDARD = "gnu++14";
				CLANG_CXX_LIBRARY = "libc++";
				CLANG_ENABLE_MODULES = YES;
				CLANG_ENABLE_OBJC_ARC = YES;
				CLANG_ENABLE_OBJC_WEAK = YES;
				CLANG_WARN_BLOCK_CAPTURE_AUTORELEASING = YES;
				CLANG_WARN_BOOL_CONVERSION = YES;
				CLANG_WARN_COMMA = YES;
				CLANG_WARN_CONSTANT_CONVERSION = YES;
				CLANG_WARN_DEPRECATED_OBJC_IMPLEMENTATIONS = YES;
				CLANG_WARN_DIRECT_OBJC_ISA_USAGE = YES_ERROR;
				CLANG_WARN_DOCUMENTATION_COMMENTS = YES;
				CLANG_WARN_EMPTY_BODY = YES;
				CLANG_WARN_ENUM_CONVERSION = YES;
				CLANG_WARN_INFINITE_RECURSION = YES;
				CLANG_WARN_INT_CONVERSION = YES;
				CLANG_WARN_NON_LITERAL_NULL_CONVERSION = YES;
				CLANG_WARN_OBJC_IMPLICIT_RETAIN_SELF = YES;
				CLANG_WARN_OBJC_LITERAL_CONVERSION = YES;
				CLANG_WARN_OBJC_ROOT_CLASS = YES_ERROR;
				CLANG_WARN_QUOTED_INCLUDE_IN_FRAMEWORK_HEADER = YES;
				CLANG_WARN_RANGE_LOOP_ANALYSIS = YES;
				CLANG_WARN_STRICT_PROTOTYPES = YES;
				CLANG_WARN_SUSPICIOUS_MOVE = YES;
				CLANG_WARN_UNGUARDED_AVAILABILITY = YES_AGGRESSIVE;
				CLANG_WARN_UNREACHABLE_CODE = YES;
				CLANG_WARN__DUPLICATE_METHOD_MATCH = YES;
				COPY_PHASE_STRIP = NO;
				DEBUG_INFORMATION_FORMAT = "dwarf-with-dsym";
				ENABLE_NS_ASSERTIONS = NO;
				ENABLE_STRICT_OBJC_MSGSEND = YES;
				GCC_C_LANGUAGE_STANDARD = gnu11;
				GCC_NO_COMMON_BLOCKS = YES;
				GCC_WARN_64_TO_32_BIT_CONVERSION = YES;
				GCC_WARN_ABOUT_RETURN_TYPE = YES_ERROR;
				GCC_WARN_UNDECLARED_SELECTOR = YES;
				GCC_WARN_UNINITIALIZED_AUTOS = YES_AGGRESSIVE;
				GCC_WARN_UNUSED_FUNCTION = YES;
				GCC_WARN_UNUSED_VARIABLE = YES;
				IPHONEOS_DEPLOYMENT_TARGET = 14.1;
				MTL_ENABLE_DEBUG_INFO = NO;
				MTL_FAST_MATH = YES;
				SDKROOT = iphoneos;
				SWIFT_COMPILATION_MODE = wholemodule;
				SWIFT_OPTIMIZATION_LEVEL = "-O";
				VALIDATE_PRODUCT = YES;
			};
			name = Release;
		};
		DE92E09026BBAE3300DBCC85 /* Debug */ = {
			isa = XCBuildConfiguration;
			buildSettings = {
				ASSETCATALOG_COMPILER_APPICON_NAME = AppIcon;
				ASSETCATALOG_COMPILER_GLOBAL_ACCENT_COLOR_NAME = AccentColor;
				CODE_SIGN_STYLE = Automatic;
				DEVELOPMENT_TEAM = YJ9BWJMCS6;
				INFOPLIST_FILE = Chat_Up/Info.plist;
				LD_RUNPATH_SEARCH_PATHS = (
					"$(inherited)",
					"@executable_path/Frameworks",
				);
				PRODUCT_BUNDLE_IDENTIFIER = "CTL-YFD.Chat-Up";
				PRODUCT_NAME = "$(TARGET_NAME)";
				SWIFT_VERSION = 5.0;
				TARGETED_DEVICE_FAMILY = "1,2";
			};
			name = Debug;
		};
		DE92E09126BBAE3300DBCC85 /* Release */ = {
			isa = XCBuildConfiguration;
			buildSettings = {
				ASSETCATALOG_COMPILER_APPICON_NAME = AppIcon;
				ASSETCATALOG_COMPILER_GLOBAL_ACCENT_COLOR_NAME = AccentColor;
				CODE_SIGN_STYLE = Automatic;
				DEVELOPMENT_TEAM = YJ9BWJMCS6;
				INFOPLIST_FILE = Chat_Up/Info.plist;
				LD_RUNPATH_SEARCH_PATHS = (
					"$(inherited)",
					"@executable_path/Frameworks",
				);
				PRODUCT_BUNDLE_IDENTIFIER = "CTL-YFD.Chat-Up";
				PRODUCT_NAME = "$(TARGET_NAME)";
				SWIFT_VERSION = 5.0;
				TARGETED_DEVICE_FAMILY = "1,2";
			};
			name = Release;
		};
		DE92E09326BBAE3300DBCC85 /* Debug */ = {
			isa = XCBuildConfiguration;
			buildSettings = {
				ALWAYS_EMBED_SWIFT_STANDARD_LIBRARIES = YES;
				BUNDLE_LOADER = "$(TEST_HOST)";
				CODE_SIGN_STYLE = Automatic;
				DEVELOPMENT_TEAM = YJ9BWJMCS6;
				INFOPLIST_FILE = Chat_UpTests/Info.plist;
				IPHONEOS_DEPLOYMENT_TARGET = 14.5;
				LD_RUNPATH_SEARCH_PATHS = (
					"$(inherited)",
					"@executable_path/Frameworks",
					"@loader_path/Frameworks",
				);
				PRODUCT_BUNDLE_IDENTIFIER = "CTL-YFD.Chat-UpTests";
				PRODUCT_NAME = "$(TARGET_NAME)";
				SWIFT_VERSION = 5.0;
				TARGETED_DEVICE_FAMILY = "1,2";
				TEST_HOST = "$(BUILT_PRODUCTS_DIR)/Chat_Up.app/Chat_Up";
			};
			name = Debug;
		};
		DE92E09426BBAE3300DBCC85 /* Release */ = {
			isa = XCBuildConfiguration;
			buildSettings = {
				ALWAYS_EMBED_SWIFT_STANDARD_LIBRARIES = YES;
				BUNDLE_LOADER = "$(TEST_HOST)";
				CODE_SIGN_STYLE = Automatic;
				DEVELOPMENT_TEAM = YJ9BWJMCS6;
				INFOPLIST_FILE = Chat_UpTests/Info.plist;
				IPHONEOS_DEPLOYMENT_TARGET = 14.5;
				LD_RUNPATH_SEARCH_PATHS = (
					"$(inherited)",
					"@executable_path/Frameworks",
					"@loader_path/Frameworks",
				);
				PRODUCT_BUNDLE_IDENTIFIER = "CTL-YFD.Chat-UpTests";
				PRODUCT_NAME = "$(TARGET_NAME)";
				SWIFT_VERSION = 5.0;
				TARGETED_DEVICE_FAMILY = "1,2";
				TEST_HOST = "$(BUILT_PRODUCTS_DIR)/Chat_Up.app/Chat_Up";
			};
			name = Release;
		};
		DE92E09626BBAE3300DBCC85 /* Debug */ = {
			isa = XCBuildConfiguration;
			buildSettings = {
				ALWAYS_EMBED_SWIFT_STANDARD_LIBRARIES = YES;
				CODE_SIGN_STYLE = Automatic;
				DEVELOPMENT_TEAM = YJ9BWJMCS6;
				INFOPLIST_FILE = Chat_UpUITests/Info.plist;
				LD_RUNPATH_SEARCH_PATHS = (
					"$(inherited)",
					"@executable_path/Frameworks",
					"@loader_path/Frameworks",
				);
				PRODUCT_BUNDLE_IDENTIFIER = "CTL-YFD.Chat-UpUITests";
				PRODUCT_NAME = "$(TARGET_NAME)";
				SWIFT_VERSION = 5.0;
				TARGETED_DEVICE_FAMILY = "1,2";
				TEST_TARGET_NAME = Chat_Up;
			};
			name = Debug;
		};
		DE92E09726BBAE3300DBCC85 /* Release */ = {
			isa = XCBuildConfiguration;
			buildSettings = {
				ALWAYS_EMBED_SWIFT_STANDARD_LIBRARIES = YES;
				CODE_SIGN_STYLE = Automatic;
				DEVELOPMENT_TEAM = YJ9BWJMCS6;
				INFOPLIST_FILE = Chat_UpUITests/Info.plist;
				LD_RUNPATH_SEARCH_PATHS = (
					"$(inherited)",
					"@executable_path/Frameworks",
					"@loader_path/Frameworks",
				);
				PRODUCT_BUNDLE_IDENTIFIER = "CTL-YFD.Chat-UpUITests";
				PRODUCT_NAME = "$(TARGET_NAME)";
				SWIFT_VERSION = 5.0;
				TARGETED_DEVICE_FAMILY = "1,2";
				TEST_TARGET_NAME = Chat_Up;
			};
			name = Release;
		};
/* End XCBuildConfiguration section */

/* Begin XCConfigurationList section */
		DE92E06026BBAE2F00DBCC85 /* Build configuration list for PBXProject "Chat_Up" */ = {
			isa = XCConfigurationList;
			buildConfigurations = (
				DE92E08D26BBAE3300DBCC85 /* Debug */,
				DE92E08E26BBAE3300DBCC85 /* Release */,
			);
			defaultConfigurationIsVisible = 0;
			defaultConfigurationName = Release;
		};
		DE92E08F26BBAE3300DBCC85 /* Build configuration list for PBXNativeTarget "Chat_Up" */ = {
			isa = XCConfigurationList;
			buildConfigurations = (
				DE92E09026BBAE3300DBCC85 /* Debug */,
				DE92E09126BBAE3300DBCC85 /* Release */,
			);
			defaultConfigurationIsVisible = 0;
			defaultConfigurationName = Release;
		};
		DE92E09226BBAE3300DBCC85 /* Build configuration list for PBXNativeTarget "Chat_UpTests" */ = {
			isa = XCConfigurationList;
			buildConfigurations = (
				DE92E09326BBAE3300DBCC85 /* Debug */,
				DE92E09426BBAE3300DBCC85 /* Release */,
			);
			defaultConfigurationIsVisible = 0;
			defaultConfigurationName = Release;
		};
		DE92E09526BBAE3300DBCC85 /* Build configuration list for PBXNativeTarget "Chat_UpUITests" */ = {
			isa = XCConfigurationList;
			buildConfigurations = (
				DE92E09626BBAE3300DBCC85 /* Debug */,
				DE92E09726BBAE3300DBCC85 /* Release */,
			);
			defaultConfigurationIsVisible = 0;
			defaultConfigurationName = Release;
		};
/* End XCConfigurationList section */
	};
	rootObject = DE92E05D26BBAE2F00DBCC85 /* Project object */;
}
